
Microsoft Visual Studio Solution File, Format Version 12.00
# Visual Studio Version 17
VisualStudioVersion = 17.8.34511.84
MinimumVisualStudioVersion = 10.0.40219.1
Project("{FAE04EC0-301F-11D3-BF4B-00C04F79EFBC}") = "ChatAppTCP", "ChatAppTCP\ChatAppTCP.csproj", "{926C09D5-FDC3-483E-AE60-9E9AB059C820}"
EndProject
Project("{FAE04EC0-301F-11D3-BF4B-00C04F79EFBC}") = "ServerSide", "ServerSide\ServerSide.csproj", "{545BE679-6613-462E-8C2B-8EF95C2D1405}"
EndProject
Global
	GlobalSection(SolutionConfigurationPlatforms) = preSolution
		Debug|Any CPU = Debug|Any CPU
		Release|Any CPU = Release|Any CPU
	EndGlobalSection
	GlobalSection(ProjectConfigurationPlatforms) = postSolution
		{926C09D5-FDC3-483E-AE60-9E9AB059C820}.Debug|Any CPU.ActiveCfg = Debug|Any CPU
		{926C09D5-FDC3-483E-AE60-9E9AB059C820}.Debug|Any CPU.Build.0 = Debug|Any CPU
		{926C09D5-FDC3-483E-AE60-9E9AB059C820}.Release|Any CPU.ActiveCfg = Release|Any CPU
		{926C09D5-FDC3-483E-AE60-9E9AB059C820}.Release|Any CPU.Build.0 = Release|Any CPU
		{545BE679-6613-462E-8C2B-8EF95C2D1405}.Debug|Any CPU.ActiveCfg = Debug|Any CPU
		{545BE679-6613-462E-8C2B-8EF95C2D1405}.Debug|Any CPU.Build.0 = Debug|Any CPU
		{545BE679-6613-462E-8C2B-8EF95C2D1405}.Release|Any CPU.ActiveCfg = Release|Any CPU
		{545BE679-6613-462E-8C2B-8EF95C2D1405}.Release|Any CPU.Build.0 = Release|Any CPU
	EndGlobalSection
	GlobalSection(SolutionProperties) = preSolution
		HideSolutionNode = FALSE
	EndGlobalSection
	GlobalSection(ExtensibilityGlobals) = postSolution
		SolutionGuid = {D9BA71B4-5BD4-4F9A-85F0-188CC2E3F66C}
	EndGlobalSection
EndGlobal
